
Microsoft Visual Studio Solution File, Format Version 12.00
# Visual Studio 14
VisualStudioVersion = 14.0.25420.1
MinimumVisualStudioVersion = 10.0.40219.1
Project("{FAE04EC0-301F-11D3-BF4B-00C04F79EFBC}") = "DominosProject", "DominosProject\DominosProject.csproj", "{9CAF959B-BB8D-44F5-9B36-4B09FB8E99AA}"
EndProject
Project("{FAE04EC0-301F-11D3-BF4B-00C04F79EFBC}") = "DTO", "DTO\DTO.csproj", "{3B3511D1-8F93-40DE-A3F6-90B5BE6D1DB9}"
EndProject
Project("{FAE04EC0-301F-11D3-BF4B-00C04F79EFBC}") = "PizzaDAL", "PizzaDAL\PizzaDAL.csproj", "{2D662014-F953-4FDC-BB1B-A7971EACF25D}"
EndProject
Project("{FAE04EC0-301F-11D3-BF4B-00C04F79EFBC}") = "PizzaBAL", "PizzaBAL\PizzaBAL.csproj", "{FDA272A2-FFDA-4F5D-A0D3-03D618810B1E}"
EndProject
Global
	GlobalSection(SolutionConfigurationPlatforms) = preSolution
		Debug|Any CPU = Debug|Any CPU
		Release|Any CPU = Release|Any CPU
	EndGlobalSection
	GlobalSection(ProjectConfigurationPlatforms) = postSolution
		{9CAF959B-BB8D-44F5-9B36-4B09FB8E99AA}.Debug|Any CPU.ActiveCfg = Debug|Any CPU
		{9CAF959B-BB8D-44F5-9B36-4B09FB8E99AA}.Debug|Any CPU.Build.0 = Debug|Any CPU
		{9CAF959B-BB8D-44F5-9B36-4B09FB8E99AA}.Release|Any CPU.ActiveCfg = Release|Any CPU
		{9CAF959B-BB8D-44F5-9B36-4B09FB8E99AA}.Release|Any CPU.Build.0 = Release|Any CPU
		{3B3511D1-8F93-40DE-A3F6-90B5BE6D1DB9}.Debug|Any CPU.ActiveCfg = Debug|Any CPU
		{3B3511D1-8F93-40DE-A3F6-90B5BE6D1DB9}.Debug|Any CPU.Build.0 = Debug|Any CPU
		{3B3511D1-8F93-40DE-A3F6-90B5BE6D1DB9}.Release|Any CPU.ActiveCfg = Release|Any CPU
		{3B3511D1-8F93-40DE-A3F6-90B5BE6D1DB9}.Release|Any CPU.Build.0 = Release|Any CPU
		{2D662014-F953-4FDC-BB1B-A7971EACF25D}.Debug|Any CPU.ActiveCfg = Debug|Any CPU
		{2D662014-F953-4FDC-BB1B-A7971EACF25D}.Debug|Any CPU.Build.0 = Debug|Any CPU
		{2D662014-F953-4FDC-BB1B-A7971EACF25D}.Release|Any CPU.ActiveCfg = Release|Any CPU
		{2D662014-F953-4FDC-BB1B-A7971EACF25D}.Release|Any CPU.Build.0 = Release|Any CPU
		{FDA272A2-FFDA-4F5D-A0D3-03D618810B1E}.Debug|Any CPU.ActiveCfg = Debug|Any CPU
		{FDA272A2-FFDA-4F5D-A0D3-03D618810B1E}.Debug|Any CPU.Build.0 = Debug|Any CPU
		{FDA272A2-FFDA-4F5D-A0D3-03D618810B1E}.Release|Any CPU.ActiveCfg = Release|Any CPU
		{FDA272A2-FFDA-4F5D-A0D3-03D618810B1E}.Release|Any CPU.Build.0 = Release|Any CPU
	EndGlobalSection
	GlobalSection(SolutionProperties) = preSolution
		HideSolutionNode = FALSE
	EndGlobalSection
EndGlobal
