
Microsoft Visual Studio Solution File, Format Version 12.00
# Visual Studio 14
VisualStudioVersion = 14.0.25420.1
MinimumVisualStudioVersion = 10.0.40219.1
Project("{FAE04EC0-301F-11D3-BF4B-00C04F79EFBC}") = "DominosProject", "DominosProject\DominosProject.csproj", "{9CAF959B-BB8D-44F5-9B36-4B09FB8E99AA}"
EndProject
Project("{FAE04EC0-301F-11D3-BF4B-00C04F79EFBC}") = "DAL", "DAL\DAL.csproj", "{BF5567C3-12D0-4189-8564-9BC2CB2EE331}"
EndProject
Project("{FAE04EC0-301F-11D3-BF4B-00C04F79EFBC}") = "BAL", "BAL\BAL.csproj", "{DF7E755D-9ACE-4831-80E0-822D2B91520F}"
EndProject
Project("{FAE04EC0-301F-11D3-BF4B-00C04F79EFBC}") = "DTO", "DTO\DTO.csproj", "{3B3511D1-8F93-40DE-A3F6-90B5BE6D1DB9}"
EndProject
Global
	GlobalSection(SolutionConfigurationPlatforms) = preSolution
		Debug|Any CPU = Debug|Any CPU
		Release|Any CPU = Release|Any CPU
	EndGlobalSection
	GlobalSection(ProjectConfigurationPlatforms) = postSolution
		{9CAF959B-BB8D-44F5-9B36-4B09FB8E99AA}.Debug|Any CPU.ActiveCfg = Debug|Any CPU
		{9CAF959B-BB8D-44F5-9B36-4B09FB8E99AA}.Debug|Any CPU.Build.0 = Debug|Any CPU
		{9CAF959B-BB8D-44F5-9B36-4B09FB8E99AA}.Release|Any CPU.ActiveCfg = Release|Any CPU
		{9CAF959B-BB8D-44F5-9B36-4B09FB8E99AA}.Release|Any CPU.Build.0 = Release|Any CPU
		{BF5567C3-12D0-4189-8564-9BC2CB2EE331}.Debug|Any CPU.ActiveCfg = Debug|Any CPU
		{BF5567C3-12D0-4189-8564-9BC2CB2EE331}.Debug|Any CPU.Build.0 = Debug|Any CPU
		{BF5567C3-12D0-4189-8564-9BC2CB2EE331}.Release|Any CPU.ActiveCfg = Release|Any CPU
		{BF5567C3-12D0-4189-8564-9BC2CB2EE331}.Release|Any CPU.Build.0 = Release|Any CPU
		{DF7E755D-9ACE-4831-80E0-822D2B91520F}.Debug|Any CPU.ActiveCfg = Debug|Any CPU
		{DF7E755D-9ACE-4831-80E0-822D2B91520F}.Debug|Any CPU.Build.0 = Debug|Any CPU
		{DF7E755D-9ACE-4831-80E0-822D2B91520F}.Release|Any CPU.ActiveCfg = Release|Any CPU
		{DF7E755D-9ACE-4831-80E0-822D2B91520F}.Release|Any CPU.Build.0 = Release|Any CPU
		{3B3511D1-8F93-40DE-A3F6-90B5BE6D1DB9}.Debug|Any CPU.ActiveCfg = Debug|Any CPU
		{3B3511D1-8F93-40DE-A3F6-90B5BE6D1DB9}.Debug|Any CPU.Build.0 = Debug|Any CPU
		{3B3511D1-8F93-40DE-A3F6-90B5BE6D1DB9}.Release|Any CPU.ActiveCfg = Release|Any CPU
		{3B3511D1-8F93-40DE-A3F6-90B5BE6D1DB9}.Release|Any CPU.Build.0 = Release|Any CPU
	EndGlobalSection
	GlobalSection(SolutionProperties) = preSolution
		HideSolutionNode = FALSE
	EndGlobalSection
EndGlobal
